
Microsoft Visual Studio Solution File, Format Version 12.00
# Visual Studio 14
VisualStudioVersion = 14.0.24720.0
MinimumVisualStudioVersion = 10.0.40219.1
Project("{2150E333-8FDC-42A3-9474-1A3956D46DE8}") = "Shared", "Shared", "{54889495-55B4-40A4-A7AC-5EF50457B087}"
EndProject
Project("{2150E333-8FDC-42A3-9474-1A3956D46DE8}") = "Platforms", "Platforms", "{7CB1E866-6185-49C6-84B3-C055C60D1112}"
EndProject
Project("{FAE04EC0-301F-11D3-BF4B-00C04F79EFBC}") = "SuperForms.Core", "Shared\SuperForms.Core\SuperForms.Core.csproj", "{67F9D3A8-F71E-4428-913F-C37AE82CDB24}"
EndProject
Project("{FAE04EC0-301F-11D3-BF4B-00C04F79EFBC}") = "SuperForms.Controls", "Shared\SuperForms.Controls\SuperForms.Controls.csproj", "{C7BEE640-3F1B-4C89-8260-48FCE7152338}"
EndProject
Project("{FAE04EC0-301F-11D3-BF4B-00C04F79EFBC}") = "SuperForms.iOS", "Platforms\SuperForms.iOS\SuperForms.iOS.csproj", "{F2030AFA-027F-4DFC-A8F7-647A1455B76E}"
EndProject
Project("{FAE04EC0-301F-11D3-BF4B-00C04F79EFBC}") = "SuperForms.Droid", "Platforms\SuperForms.Droid\SuperForms.Droid.csproj", "{0EA7E9B1-AEE5-406D-9977-DA776C6231A4}"
EndProject
Project("{2150E333-8FDC-42A3-9474-1A3956D46DE8}") = "Samples", "Samples", "{0085293B-95AC-433E-8766-7186D14AD6A5}"
EndProject
Project("{FAE04EC0-301F-11D3-BF4B-00C04F79EFBC}") = "SuperForms.Samples.Droid", "Samples\SuperForms.Samples\SuperForms.Samples.Droid\SuperForms.Samples.Droid.csproj", "{8DB0AFAD-88B6-4E9B-BF0A-6471A462F679}"
EndProject
Project("{FAE04EC0-301F-11D3-BF4B-00C04F79EFBC}") = "SuperForms.Samples.iOS", "Samples\SuperForms.Samples\SuperForms.Samples.iOS\SuperForms.Samples.iOS.csproj", "{5D54676B-14BB-4E53-AEBD-00AEB16BC661}"
EndProject
Project("{FAE04EC0-301F-11D3-BF4B-00C04F79EFBC}") = "SuperForms.Samples", "Samples\SuperForms.Samples\SuperForms.Samples\SuperForms.Samples.csproj", "{B9C08302-A7C1-4E87-BCD4-83A640B1ED99}"
EndProject
Global
	GlobalSection(SolutionConfigurationPlatforms) = preSolution
		Ad-Hoc|Any CPU = Ad-Hoc|Any CPU
		Ad-Hoc|ARM = Ad-Hoc|ARM
		Ad-Hoc|iPhone = Ad-Hoc|iPhone
		Ad-Hoc|iPhoneSimulator = Ad-Hoc|iPhoneSimulator
		Ad-Hoc|x64 = Ad-Hoc|x64
		Ad-Hoc|x86 = Ad-Hoc|x86
		AppStore|Any CPU = AppStore|Any CPU
		AppStore|ARM = AppStore|ARM
		AppStore|iPhone = AppStore|iPhone
		AppStore|iPhoneSimulator = AppStore|iPhoneSimulator
		AppStore|x64 = AppStore|x64
		AppStore|x86 = AppStore|x86
		Debug|Any CPU = Debug|Any CPU
		Debug|ARM = Debug|ARM
		Debug|iPhone = Debug|iPhone
		Debug|iPhoneSimulator = Debug|iPhoneSimulator
		Debug|x64 = Debug|x64
		Debug|x86 = Debug|x86
		Release|Any CPU = Release|Any CPU
		Release|ARM = Release|ARM
		Release|iPhone = Release|iPhone
		Release|iPhoneSimulator = Release|iPhoneSimulator
		Release|x64 = Release|x64
		Release|x86 = Release|x86
	EndGlobalSection
	GlobalSection(ProjectConfigurationPlatforms) = postSolution
		{67F9D3A8-F71E-4428-913F-C37AE82CDB24}.Ad-Hoc|Any CPU.ActiveCfg = Release|Any CPU
		{67F9D3A8-F71E-4428-913F-C37AE82CDB24}.Ad-Hoc|Any CPU.Build.0 = Release|Any CPU
		{67F9D3A8-F71E-4428-913F-C37AE82CDB24}.Ad-Hoc|ARM.ActiveCfg = Release|Any CPU
		{67F9D3A8-F71E-4428-913F-C37AE82CDB24}.Ad-Hoc|ARM.Build.0 = Release|Any CPU
		{67F9D3A8-F71E-4428-913F-C37AE82CDB24}.Ad-Hoc|iPhone.ActiveCfg = Release|Any CPU
		{67F9D3A8-F71E-4428-913F-C37AE82CDB24}.Ad-Hoc|iPhone.Build.0 = Release|Any CPU
		{67F9D3A8-F71E-4428-913F-C37AE82CDB24}.Ad-Hoc|iPhoneSimulator.ActiveCfg = Release|Any CPU
		{67F9D3A8-F71E-4428-913F-C37AE82CDB24}.Ad-Hoc|iPhoneSimulator.Build.0 = Release|Any CPU
		{67F9D3A8-F71E-4428-913F-C37AE82CDB24}.Ad-Hoc|x64.ActiveCfg = Release|Any CPU
		{67F9D3A8-F71E-4428-913F-C37AE82CDB24}.Ad-Hoc|x64.Build.0 = Release|Any CPU
		{67F9D3A8-F71E-4428-913F-C37AE82CDB24}.Ad-Hoc|x86.ActiveCfg = Release|Any CPU
		{67F9D3A8-F71E-4428-913F-C37AE82CDB24}.Ad-Hoc|x86.Build.0 = Release|Any CPU
		{67F9D3A8-F71E-4428-913F-C37AE82CDB24}.AppStore|Any CPU.ActiveCfg = Release|Any CPU
		{67F9D3A8-F71E-4428-913F-C37AE82CDB24}.AppStore|Any CPU.Build.0 = Release|Any CPU
		{67F9D3A8-F71E-4428-913F-C37AE82CDB24}.AppStore|ARM.ActiveCfg = Release|Any CPU
		{67F9D3A8-F71E-4428-913F-C37AE82CDB24}.AppStore|ARM.Build.0 = Release|Any CPU
		{67F9D3A8-F71E-4428-913F-C37AE82CDB24}.AppStore|iPhone.ActiveCfg = Release|Any CPU
		{67F9D3A8-F71E-4428-913F-C37AE82CDB24}.AppStore|iPhone.Build.0 = Release|Any CPU
		{67F9D3A8-F71E-4428-913F-C37AE82CDB24}.AppStore|iPhoneSimulator.ActiveCfg = Release|Any CPU
		{67F9D3A8-F71E-4428-913F-C37AE82CDB24}.AppStore|iPhoneSimulator.Build.0 = Release|Any CPU
		{67F9D3A8-F71E-4428-913F-C37AE82CDB24}.AppStore|x64.ActiveCfg = Release|Any CPU
		{67F9D3A8-F71E-4428-913F-C37AE82CDB24}.AppStore|x64.Build.0 = Release|Any CPU
		{67F9D3A8-F71E-4428-913F-C37AE82CDB24}.AppStore|x86.ActiveCfg = Release|Any CPU
		{67F9D3A8-F71E-4428-913F-C37AE82CDB24}.AppStore|x86.Build.0 = Release|Any CPU
		{67F9D3A8-F71E-4428-913F-C37AE82CDB24}.Debug|Any CPU.ActiveCfg = Debug|Any CPU
		{67F9D3A8-F71E-4428-913F-C37AE82CDB24}.Debug|Any CPU.Build.0 = Debug|Any CPU
		{67F9D3A8-F71E-4428-913F-C37AE82CDB24}.Debug|ARM.ActiveCfg = Debug|Any CPU
		{67F9D3A8-F71E-4428-913F-C37AE82CDB24}.Debug|ARM.Build.0 = Debug|Any CPU
		{67F9D3A8-F71E-4428-913F-C37AE82CDB24}.Debug|iPhone.ActiveCfg = Debug|Any CPU
		{67F9D3A8-F71E-4428-913F-C37AE82CDB24}.Debug|iPhone.Build.0 = Debug|Any CPU
		{67F9D3A8-F71E-4428-913F-C37AE82CDB24}.Debug|iPhoneSimulator.ActiveCfg = Debug|Any CPU
		{67F9D3A8-F71E-4428-913F-C37AE82CDB24}.Debug|iPhoneSimulator.Build.0 = Debug|Any CPU
		{67F9D3A8-F71E-4428-913F-C37AE82CDB24}.Debug|x64.ActiveCfg = Debug|Any CPU
		{67F9D3A8-F71E-4428-913F-C37AE82CDB24}.Debug|x64.Build.0 = Debug|Any CPU
		{67F9D3A8-F71E-4428-913F-C37AE82CDB24}.Debug|x86.ActiveCfg = Debug|Any CPU
		{67F9D3A8-F71E-4428-913F-C37AE82CDB24}.Debug|x86.Build.0 = Debug|Any CPU
		{67F9D3A8-F71E-4428-913F-C37AE82CDB24}.Release|Any CPU.ActiveCfg = Release|Any CPU
		{67F9D3A8-F71E-4428-913F-C37AE82CDB24}.Release|Any CPU.Build.0 = Release|Any CPU
		{67F9D3A8-F71E-4428-913F-C37AE82CDB24}.Release|ARM.ActiveCfg = Release|Any CPU
		{67F9D3A8-F71E-4428-913F-C37AE82CDB24}.Release|ARM.Build.0 = Release|Any CPU
		{67F9D3A8-F71E-4428-913F-C37AE82CDB24}.Release|iPhone.ActiveCfg = Release|Any CPU
		{67F9D3A8-F71E-4428-913F-C37AE82CDB24}.Release|iPhone.Build.0 = Release|Any CPU
		{67F9D3A8-F71E-4428-913F-C37AE82CDB24}.Release|iPhoneSimulator.ActiveCfg = Release|Any CPU
		{67F9D3A8-F71E-4428-913F-C37AE82CDB24}.Release|iPhoneSimulator.Build.0 = Release|Any CPU
		{67F9D3A8-F71E-4428-913F-C37AE82CDB24}.Release|x64.ActiveCfg = Release|Any CPU
		{67F9D3A8-F71E-4428-913F-C37AE82CDB24}.Release|x64.Build.0 = Release|Any CPU
		{67F9D3A8-F71E-4428-913F-C37AE82CDB24}.Release|x86.ActiveCfg = Release|Any CPU
		{67F9D3A8-F71E-4428-913F-C37AE82CDB24}.Release|x86.Build.0 = Release|Any CPU
		{C7BEE640-3F1B-4C89-8260-48FCE7152338}.Ad-Hoc|Any CPU.ActiveCfg = Release|Any CPU
		{C7BEE640-3F1B-4C89-8260-48FCE7152338}.Ad-Hoc|Any CPU.Build.0 = Release|Any CPU
		{C7BEE640-3F1B-4C89-8260-48FCE7152338}.Ad-Hoc|ARM.ActiveCfg = Release|Any CPU
		{C7BEE640-3F1B-4C89-8260-48FCE7152338}.Ad-Hoc|ARM.Build.0 = Release|Any CPU
		{C7BEE640-3F1B-4C89-8260-48FCE7152338}.Ad-Hoc|iPhone.ActiveCfg = Release|Any CPU
		{C7BEE640-3F1B-4C89-8260-48FCE7152338}.Ad-Hoc|iPhone.Build.0 = Release|Any CPU
		{C7BEE640-3F1B-4C89-8260-48FCE7152338}.Ad-Hoc|iPhoneSimulator.ActiveCfg = Release|Any CPU
		{C7BEE640-3F1B-4C89-8260-48FCE7152338}.Ad-Hoc|iPhoneSimulator.Build.0 = Release|Any CPU
		{C7BEE640-3F1B-4C89-8260-48FCE7152338}.Ad-Hoc|x64.ActiveCfg = Release|Any CPU
		{C7BEE640-3F1B-4C89-8260-48FCE7152338}.Ad-Hoc|x64.Build.0 = Release|Any CPU
		{C7BEE640-3F1B-4C89-8260-48FCE7152338}.Ad-Hoc|x86.ActiveCfg = Release|Any CPU
		{C7BEE640-3F1B-4C89-8260-48FCE7152338}.Ad-Hoc|x86.Build.0 = Release|Any CPU
		{C7BEE640-3F1B-4C89-8260-48FCE7152338}.AppStore|Any CPU.ActiveCfg = Release|Any CPU
		{C7BEE640-3F1B-4C89-8260-48FCE7152338}.AppStore|Any CPU.Build.0 = Release|Any CPU
		{C7BEE640-3F1B-4C89-8260-48FCE7152338}.AppStore|ARM.ActiveCfg = Release|Any CPU
		{C7BEE640-3F1B-4C89-8260-48FCE7152338}.AppStore|ARM.Build.0 = Release|Any CPU
		{C7BEE640-3F1B-4C89-8260-48FCE7152338}.AppStore|iPhone.ActiveCfg = Release|Any CPU
		{C7BEE640-3F1B-4C89-8260-48FCE7152338}.AppStore|iPhone.Build.0 = Release|Any CPU
		{C7BEE640-3F1B-4C89-8260-48FCE7152338}.AppStore|iPhoneSimulator.ActiveCfg = Release|Any CPU
		{C7BEE640-3F1B-4C89-8260-48FCE7152338}.AppStore|iPhoneSimulator.Build.0 = Release|Any CPU
		{C7BEE640-3F1B-4C89-8260-48FCE7152338}.AppStore|x64.ActiveCfg = Release|Any CPU
		{C7BEE640-3F1B-4C89-8260-48FCE7152338}.AppStore|x64.Build.0 = Release|Any CPU
		{C7BEE640-3F1B-4C89-8260-48FCE7152338}.AppStore|x86.ActiveCfg = Release|Any CPU
		{C7BEE640-3F1B-4C89-8260-48FCE7152338}.AppStore|x86.Build.0 = Release|Any CPU
		{C7BEE640-3F1B-4C89-8260-48FCE7152338}.Debug|Any CPU.ActiveCfg = Debug|Any CPU
		{C7BEE640-3F1B-4C89-8260-48FCE7152338}.Debug|Any CPU.Build.0 = Debug|Any CPU
		{C7BEE640-3F1B-4C89-8260-48FCE7152338}.Debug|ARM.ActiveCfg = Debug|Any CPU
		{C7BEE640-3F1B-4C89-8260-48FCE7152338}.Debug|ARM.Build.0 = Debug|Any CPU
		{C7BEE640-3F1B-4C89-8260-48FCE7152338}.Debug|iPhone.ActiveCfg = Debug|Any CPU
		{C7BEE640-3F1B-4C89-8260-48FCE7152338}.Debug|iPhone.Build.0 = Debug|Any CPU
		{C7BEE640-3F1B-4C89-8260-48FCE7152338}.Debug|iPhoneSimulator.ActiveCfg = Debug|Any CPU
		{C7BEE640-3F1B-4C89-8260-48FCE7152338}.Debug|iPhoneSimulator.Build.0 = Debug|Any CPU
		{C7BEE640-3F1B-4C89-8260-48FCE7152338}.Debug|x64.ActiveCfg = Debug|Any CPU
		{C7BEE640-3F1B-4C89-8260-48FCE7152338}.Debug|x64.Build.0 = Debug|Any CPU
		{C7BEE640-3F1B-4C89-8260-48FCE7152338}.Debug|x86.ActiveCfg = Debug|Any CPU
		{C7BEE640-3F1B-4C89-8260-48FCE7152338}.Debug|x86.Build.0 = Debug|Any CPU
		{C7BEE640-3F1B-4C89-8260-48FCE7152338}.Release|Any CPU.ActiveCfg = Release|Any CPU
		{C7BEE640-3F1B-4C89-8260-48FCE7152338}.Release|Any CPU.Build.0 = Release|Any CPU
		{C7BEE640-3F1B-4C89-8260-48FCE7152338}.Release|ARM.ActiveCfg = Release|Any CPU
		{C7BEE640-3F1B-4C89-8260-48FCE7152338}.Release|ARM.Build.0 = Release|Any CPU
		{C7BEE640-3F1B-4C89-8260-48FCE7152338}.Release|iPhone.ActiveCfg = Release|Any CPU
		{C7BEE640-3F1B-4C89-8260-48FCE7152338}.Release|iPhone.Build.0 = Release|Any CPU
		{C7BEE640-3F1B-4C89-8260-48FCE7152338}.Release|iPhoneSimulator.ActiveCfg = Release|Any CPU
		{C7BEE640-3F1B-4C89-8260-48FCE7152338}.Release|iPhoneSimulator.Build.0 = Release|Any CPU
		{C7BEE640-3F1B-4C89-8260-48FCE7152338}.Release|x64.ActiveCfg = Release|Any CPU
		{C7BEE640-3F1B-4C89-8260-48FCE7152338}.Release|x64.Build.0 = Release|Any CPU
		{C7BEE640-3F1B-4C89-8260-48FCE7152338}.Release|x86.ActiveCfg = Release|Any CPU
		{C7BEE640-3F1B-4C89-8260-48FCE7152338}.Release|x86.Build.0 = Release|Any CPU
		{F2030AFA-027F-4DFC-A8F7-647A1455B76E}.Ad-Hoc|Any CPU.ActiveCfg = AppStore|Any CPU
		{F2030AFA-027F-4DFC-A8F7-647A1455B76E}.Ad-Hoc|Any CPU.Build.0 = AppStore|Any CPU
		{F2030AFA-027F-4DFC-A8F7-647A1455B76E}.Ad-Hoc|ARM.ActiveCfg = AppStore|Any CPU
		{F2030AFA-027F-4DFC-A8F7-647A1455B76E}.Ad-Hoc|ARM.Build.0 = AppStore|Any CPU
		{F2030AFA-027F-4DFC-A8F7-647A1455B76E}.Ad-Hoc|iPhone.ActiveCfg = AppStore|Any CPU
		{F2030AFA-027F-4DFC-A8F7-647A1455B76E}.Ad-Hoc|iPhone.Build.0 = AppStore|Any CPU
		{F2030AFA-027F-4DFC-A8F7-647A1455B76E}.Ad-Hoc|iPhoneSimulator.ActiveCfg = AppStore|Any CPU
		{F2030AFA-027F-4DFC-A8F7-647A1455B76E}.Ad-Hoc|iPhoneSimulator.Build.0 = AppStore|Any CPU
		{F2030AFA-027F-4DFC-A8F7-647A1455B76E}.Ad-Hoc|x64.ActiveCfg = AppStore|Any CPU
		{F2030AFA-027F-4DFC-A8F7-647A1455B76E}.Ad-Hoc|x64.Build.0 = AppStore|Any CPU
		{F2030AFA-027F-4DFC-A8F7-647A1455B76E}.Ad-Hoc|x86.ActiveCfg = AppStore|Any CPU
		{F2030AFA-027F-4DFC-A8F7-647A1455B76E}.Ad-Hoc|x86.Build.0 = AppStore|Any CPU
		{F2030AFA-027F-4DFC-A8F7-647A1455B76E}.AppStore|Any CPU.ActiveCfg = AppStore|Any CPU
		{F2030AFA-027F-4DFC-A8F7-647A1455B76E}.AppStore|Any CPU.Build.0 = AppStore|Any CPU
		{F2030AFA-027F-4DFC-A8F7-647A1455B76E}.AppStore|ARM.ActiveCfg = AppStore|Any CPU
		{F2030AFA-027F-4DFC-A8F7-647A1455B76E}.AppStore|ARM.Build.0 = AppStore|Any CPU
		{F2030AFA-027F-4DFC-A8F7-647A1455B76E}.AppStore|iPhone.ActiveCfg = AppStore|Any CPU
		{F2030AFA-027F-4DFC-A8F7-647A1455B76E}.AppStore|iPhone.Build.0 = AppStore|Any CPU
		{F2030AFA-027F-4DFC-A8F7-647A1455B76E}.AppStore|iPhoneSimulator.ActiveCfg = AppStore|Any CPU
		{F2030AFA-027F-4DFC-A8F7-647A1455B76E}.AppStore|iPhoneSimulator.Build.0 = AppStore|Any CPU
		{F2030AFA-027F-4DFC-A8F7-647A1455B76E}.AppStore|x64.ActiveCfg = AppStore|Any CPU
		{F2030AFA-027F-4DFC-A8F7-647A1455B76E}.AppStore|x64.Build.0 = AppStore|Any CPU
		{F2030AFA-027F-4DFC-A8F7-647A1455B76E}.AppStore|x86.ActiveCfg = AppStore|Any CPU
		{F2030AFA-027F-4DFC-A8F7-647A1455B76E}.AppStore|x86.Build.0 = AppStore|Any CPU
		{F2030AFA-027F-4DFC-A8F7-647A1455B76E}.Debug|Any CPU.ActiveCfg = Debug|Any CPU
		{F2030AFA-027F-4DFC-A8F7-647A1455B76E}.Debug|Any CPU.Build.0 = Debug|Any CPU
		{F2030AFA-027F-4DFC-A8F7-647A1455B76E}.Debug|ARM.ActiveCfg = Debug|Any CPU
		{F2030AFA-027F-4DFC-A8F7-647A1455B76E}.Debug|ARM.Build.0 = Debug|Any CPU
		{F2030AFA-027F-4DFC-A8F7-647A1455B76E}.Debug|iPhone.ActiveCfg = Debug|Any CPU
		{F2030AFA-027F-4DFC-A8F7-647A1455B76E}.Debug|iPhone.Build.0 = Debug|Any CPU
		{F2030AFA-027F-4DFC-A8F7-647A1455B76E}.Debug|iPhoneSimulator.ActiveCfg = Debug|Any CPU
		{F2030AFA-027F-4DFC-A8F7-647A1455B76E}.Debug|iPhoneSimulator.Build.0 = Debug|Any CPU
		{F2030AFA-027F-4DFC-A8F7-647A1455B76E}.Debug|x64.ActiveCfg = Debug|Any CPU
		{F2030AFA-027F-4DFC-A8F7-647A1455B76E}.Debug|x64.Build.0 = Debug|Any CPU
		{F2030AFA-027F-4DFC-A8F7-647A1455B76E}.Debug|x86.ActiveCfg = Debug|Any CPU
		{F2030AFA-027F-4DFC-A8F7-647A1455B76E}.Debug|x86.Build.0 = Debug|Any CPU
		{F2030AFA-027F-4DFC-A8F7-647A1455B76E}.Release|Any CPU.ActiveCfg = Release|Any CPU
		{F2030AFA-027F-4DFC-A8F7-647A1455B76E}.Release|Any CPU.Build.0 = Release|Any CPU
		{F2030AFA-027F-4DFC-A8F7-647A1455B76E}.Release|ARM.ActiveCfg = Release|Any CPU
		{F2030AFA-027F-4DFC-A8F7-647A1455B76E}.Release|ARM.Build.0 = Release|Any CPU
		{F2030AFA-027F-4DFC-A8F7-647A1455B76E}.Release|iPhone.ActiveCfg = Release|Any CPU
		{F2030AFA-027F-4DFC-A8F7-647A1455B76E}.Release|iPhone.Build.0 = Release|Any CPU
		{F2030AFA-027F-4DFC-A8F7-647A1455B76E}.Release|iPhoneSimulator.ActiveCfg = Release|Any CPU
		{F2030AFA-027F-4DFC-A8F7-647A1455B76E}.Release|iPhoneSimulator.Build.0 = Release|Any CPU
		{F2030AFA-027F-4DFC-A8F7-647A1455B76E}.Release|x64.ActiveCfg = Release|Any CPU
		{F2030AFA-027F-4DFC-A8F7-647A1455B76E}.Release|x64.Build.0 = Release|Any CPU
		{F2030AFA-027F-4DFC-A8F7-647A1455B76E}.Release|x86.ActiveCfg = Release|Any CPU
		{F2030AFA-027F-4DFC-A8F7-647A1455B76E}.Release|x86.Build.0 = Release|Any CPU
		{0EA7E9B1-AEE5-406D-9977-DA776C6231A4}.Ad-Hoc|Any CPU.ActiveCfg = Release|Any CPU
		{0EA7E9B1-AEE5-406D-9977-DA776C6231A4}.Ad-Hoc|Any CPU.Build.0 = Release|Any CPU
		{0EA7E9B1-AEE5-406D-9977-DA776C6231A4}.Ad-Hoc|ARM.ActiveCfg = Release|Any CPU
		{0EA7E9B1-AEE5-406D-9977-DA776C6231A4}.Ad-Hoc|ARM.Build.0 = Release|Any CPU
		{0EA7E9B1-AEE5-406D-9977-DA776C6231A4}.Ad-Hoc|iPhone.ActiveCfg = Release|Any CPU
		{0EA7E9B1-AEE5-406D-9977-DA776C6231A4}.Ad-Hoc|iPhone.Build.0 = Release|Any CPU
		{0EA7E9B1-AEE5-406D-9977-DA776C6231A4}.Ad-Hoc|iPhoneSimulator.ActiveCfg = Release|Any CPU
		{0EA7E9B1-AEE5-406D-9977-DA776C6231A4}.Ad-Hoc|iPhoneSimulator.Build.0 = Release|Any CPU
		{0EA7E9B1-AEE5-406D-9977-DA776C6231A4}.Ad-Hoc|x64.ActiveCfg = Release|Any CPU
		{0EA7E9B1-AEE5-406D-9977-DA776C6231A4}.Ad-Hoc|x64.Build.0 = Release|Any CPU
		{0EA7E9B1-AEE5-406D-9977-DA776C6231A4}.Ad-Hoc|x86.ActiveCfg = Release|Any CPU
		{0EA7E9B1-AEE5-406D-9977-DA776C6231A4}.Ad-Hoc|x86.Build.0 = Release|Any CPU
		{0EA7E9B1-AEE5-406D-9977-DA776C6231A4}.AppStore|Any CPU.ActiveCfg = Release|Any CPU
		{0EA7E9B1-AEE5-406D-9977-DA776C6231A4}.AppStore|Any CPU.Build.0 = Release|Any CPU
		{0EA7E9B1-AEE5-406D-9977-DA776C6231A4}.AppStore|ARM.ActiveCfg = Release|Any CPU
		{0EA7E9B1-AEE5-406D-9977-DA776C6231A4}.AppStore|ARM.Build.0 = Release|Any CPU
		{0EA7E9B1-AEE5-406D-9977-DA776C6231A4}.AppStore|iPhone.ActiveCfg = Release|Any CPU
		{0EA7E9B1-AEE5-406D-9977-DA776C6231A4}.AppStore|iPhone.Build.0 = Release|Any CPU
		{0EA7E9B1-AEE5-406D-9977-DA776C6231A4}.AppStore|iPhoneSimulator.ActiveCfg = Release|Any CPU
		{0EA7E9B1-AEE5-406D-9977-DA776C6231A4}.AppStore|iPhoneSimulator.Build.0 = Release|Any CPU
		{0EA7E9B1-AEE5-406D-9977-DA776C6231A4}.AppStore|x64.ActiveCfg = Release|Any CPU
		{0EA7E9B1-AEE5-406D-9977-DA776C6231A4}.AppStore|x64.Build.0 = Release|Any CPU
		{0EA7E9B1-AEE5-406D-9977-DA776C6231A4}.AppStore|x86.ActiveCfg = Release|Any CPU
		{0EA7E9B1-AEE5-406D-9977-DA776C6231A4}.AppStore|x86.Build.0 = Release|Any CPU
		{0EA7E9B1-AEE5-406D-9977-DA776C6231A4}.Debug|Any CPU.ActiveCfg = Debug|Any CPU
		{0EA7E9B1-AEE5-406D-9977-DA776C6231A4}.Debug|Any CPU.Build.0 = Debug|Any CPU
		{0EA7E9B1-AEE5-406D-9977-DA776C6231A4}.Debug|ARM.ActiveCfg = Debug|Any CPU
		{0EA7E9B1-AEE5-406D-9977-DA776C6231A4}.Debug|ARM.Build.0 = Debug|Any CPU
		{0EA7E9B1-AEE5-406D-9977-DA776C6231A4}.Debug|iPhone.ActiveCfg = Debug|Any CPU
		{0EA7E9B1-AEE5-406D-9977-DA776C6231A4}.Debug|iPhone.Build.0 = Debug|Any CPU
		{0EA7E9B1-AEE5-406D-9977-DA776C6231A4}.Debug|iPhoneSimulator.ActiveCfg = Debug|Any CPU
		{0EA7E9B1-AEE5-406D-9977-DA776C6231A4}.Debug|iPhoneSimulator.Build.0 = Debug|Any CPU
		{0EA7E9B1-AEE5-406D-9977-DA776C6231A4}.Debug|x64.ActiveCfg = Debug|Any CPU
		{0EA7E9B1-AEE5-406D-9977-DA776C6231A4}.Debug|x64.Build.0 = Debug|Any CPU
		{0EA7E9B1-AEE5-406D-9977-DA776C6231A4}.Debug|x86.ActiveCfg = Debug|Any CPU
		{0EA7E9B1-AEE5-406D-9977-DA776C6231A4}.Debug|x86.Build.0 = Debug|Any CPU
		{0EA7E9B1-AEE5-406D-9977-DA776C6231A4}.Release|Any CPU.ActiveCfg = Release|Any CPU
		{0EA7E9B1-AEE5-406D-9977-DA776C6231A4}.Release|Any CPU.Build.0 = Release|Any CPU
		{0EA7E9B1-AEE5-406D-9977-DA776C6231A4}.Release|ARM.ActiveCfg = Release|Any CPU
		{0EA7E9B1-AEE5-406D-9977-DA776C6231A4}.Release|ARM.Build.0 = Release|Any CPU
		{0EA7E9B1-AEE5-406D-9977-DA776C6231A4}.Release|iPhone.ActiveCfg = Release|Any CPU
		{0EA7E9B1-AEE5-406D-9977-DA776C6231A4}.Release|iPhone.Build.0 = Release|Any CPU
		{0EA7E9B1-AEE5-406D-9977-DA776C6231A4}.Release|iPhoneSimulator.ActiveCfg = Release|Any CPU
		{0EA7E9B1-AEE5-406D-9977-DA776C6231A4}.Release|iPhoneSimulator.Build.0 = Release|Any CPU
		{0EA7E9B1-AEE5-406D-9977-DA776C6231A4}.Release|x64.ActiveCfg = Release|Any CPU
		{0EA7E9B1-AEE5-406D-9977-DA776C6231A4}.Release|x64.Build.0 = Release|Any CPU
		{0EA7E9B1-AEE5-406D-9977-DA776C6231A4}.Release|x86.ActiveCfg = Release|Any CPU
		{0EA7E9B1-AEE5-406D-9977-DA776C6231A4}.Release|x86.Build.0 = Release|Any CPU
		{8DB0AFAD-88B6-4E9B-BF0A-6471A462F679}.Ad-Hoc|Any CPU.ActiveCfg = Release|Any CPU
		{8DB0AFAD-88B6-4E9B-BF0A-6471A462F679}.Ad-Hoc|Any CPU.Build.0 = Release|Any CPU
		{8DB0AFAD-88B6-4E9B-BF0A-6471A462F679}.Ad-Hoc|Any CPU.Deploy.0 = Release|Any CPU
		{8DB0AFAD-88B6-4E9B-BF0A-6471A462F679}.Ad-Hoc|ARM.ActiveCfg = Release|Any CPU
		{8DB0AFAD-88B6-4E9B-BF0A-6471A462F679}.Ad-Hoc|ARM.Build.0 = Release|Any CPU
		{8DB0AFAD-88B6-4E9B-BF0A-6471A462F679}.Ad-Hoc|ARM.Deploy.0 = Release|Any CPU
		{8DB0AFAD-88B6-4E9B-BF0A-6471A462F679}.Ad-Hoc|iPhone.ActiveCfg = Release|Any CPU
		{8DB0AFAD-88B6-4E9B-BF0A-6471A462F679}.Ad-Hoc|iPhone.Build.0 = Release|Any CPU
		{8DB0AFAD-88B6-4E9B-BF0A-6471A462F679}.Ad-Hoc|iPhone.Deploy.0 = Release|Any CPU
		{8DB0AFAD-88B6-4E9B-BF0A-6471A462F679}.Ad-Hoc|iPhoneSimulator.ActiveCfg = Release|Any CPU
		{8DB0AFAD-88B6-4E9B-BF0A-6471A462F679}.Ad-Hoc|iPhoneSimulator.Build.0 = Release|Any CPU
		{8DB0AFAD-88B6-4E9B-BF0A-6471A462F679}.Ad-Hoc|iPhoneSimulator.Deploy.0 = Release|Any CPU
		{8DB0AFAD-88B6-4E9B-BF0A-6471A462F679}.Ad-Hoc|x64.ActiveCfg = Release|Any CPU
		{8DB0AFAD-88B6-4E9B-BF0A-6471A462F679}.Ad-Hoc|x64.Build.0 = Release|Any CPU
		{8DB0AFAD-88B6-4E9B-BF0A-6471A462F679}.Ad-Hoc|x64.Deploy.0 = Release|Any CPU
		{8DB0AFAD-88B6-4E9B-BF0A-6471A462F679}.Ad-Hoc|x86.ActiveCfg = Release|Any CPU
		{8DB0AFAD-88B6-4E9B-BF0A-6471A462F679}.Ad-Hoc|x86.Build.0 = Release|Any CPU
		{8DB0AFAD-88B6-4E9B-BF0A-6471A462F679}.Ad-Hoc|x86.Deploy.0 = Release|Any CPU
		{8DB0AFAD-88B6-4E9B-BF0A-6471A462F679}.AppStore|Any CPU.ActiveCfg = Release|Any CPU
		{8DB0AFAD-88B6-4E9B-BF0A-6471A462F679}.AppStore|Any CPU.Build.0 = Release|Any CPU
		{8DB0AFAD-88B6-4E9B-BF0A-6471A462F679}.AppStore|Any CPU.Deploy.0 = Release|Any CPU
		{8DB0AFAD-88B6-4E9B-BF0A-6471A462F679}.AppStore|ARM.ActiveCfg = Release|Any CPU
		{8DB0AFAD-88B6-4E9B-BF0A-6471A462F679}.AppStore|ARM.Build.0 = Release|Any CPU
		{8DB0AFAD-88B6-4E9B-BF0A-6471A462F679}.AppStore|ARM.Deploy.0 = Release|Any CPU
		{8DB0AFAD-88B6-4E9B-BF0A-6471A462F679}.AppStore|iPhone.ActiveCfg = Release|Any CPU
		{8DB0AFAD-88B6-4E9B-BF0A-6471A462F679}.AppStore|iPhone.Build.0 = Release|Any CPU
		{8DB0AFAD-88B6-4E9B-BF0A-6471A462F679}.AppStore|iPhone.Deploy.0 = Release|Any CPU
		{8DB0AFAD-88B6-4E9B-BF0A-6471A462F679}.AppStore|iPhoneSimulator.ActiveCfg = Release|Any CPU
		{8DB0AFAD-88B6-4E9B-BF0A-6471A462F679}.AppStore|iPhoneSimulator.Build.0 = Release|Any CPU
		{8DB0AFAD-88B6-4E9B-BF0A-6471A462F679}.AppStore|iPhoneSimulator.Deploy.0 = Release|Any CPU
		{8DB0AFAD-88B6-4E9B-BF0A-6471A462F679}.AppStore|x64.ActiveCfg = Release|Any CPU
		{8DB0AFAD-88B6-4E9B-BF0A-6471A462F679}.AppStore|x64.Build.0 = Release|Any CPU
		{8DB0AFAD-88B6-4E9B-BF0A-6471A462F679}.AppStore|x64.Deploy.0 = Release|Any CPU
		{8DB0AFAD-88B6-4E9B-BF0A-6471A462F679}.AppStore|x86.ActiveCfg = Release|Any CPU
		{8DB0AFAD-88B6-4E9B-BF0A-6471A462F679}.AppStore|x86.Build.0 = Release|Any CPU
		{8DB0AFAD-88B6-4E9B-BF0A-6471A462F679}.AppStore|x86.Deploy.0 = Release|Any CPU
		{8DB0AFAD-88B6-4E9B-BF0A-6471A462F679}.Debug|Any CPU.ActiveCfg = Debug|Any CPU
		{8DB0AFAD-88B6-4E9B-BF0A-6471A462F679}.Debug|Any CPU.Build.0 = Debug|Any CPU
		{8DB0AFAD-88B6-4E9B-BF0A-6471A462F679}.Debug|Any CPU.Deploy.0 = Debug|Any CPU
		{8DB0AFAD-88B6-4E9B-BF0A-6471A462F679}.Debug|ARM.ActiveCfg = Debug|Any CPU
		{8DB0AFAD-88B6-4E9B-BF0A-6471A462F679}.Debug|ARM.Build.0 = Debug|Any CPU
		{8DB0AFAD-88B6-4E9B-BF0A-6471A462F679}.Debug|ARM.Deploy.0 = Debug|Any CPU
		{8DB0AFAD-88B6-4E9B-BF0A-6471A462F679}.Debug|iPhone.ActiveCfg = Debug|Any CPU
		{8DB0AFAD-88B6-4E9B-BF0A-6471A462F679}.Debug|iPhone.Build.0 = Debug|Any CPU
		{8DB0AFAD-88B6-4E9B-BF0A-6471A462F679}.Debug|iPhone.Deploy.0 = Debug|Any CPU
		{8DB0AFAD-88B6-4E9B-BF0A-6471A462F679}.Debug|iPhoneSimulator.ActiveCfg = Debug|Any CPU
		{8DB0AFAD-88B6-4E9B-BF0A-6471A462F679}.Debug|iPhoneSimulator.Build.0 = Debug|Any CPU
		{8DB0AFAD-88B6-4E9B-BF0A-6471A462F679}.Debug|iPhoneSimulator.Deploy.0 = Debug|Any CPU
		{8DB0AFAD-88B6-4E9B-BF0A-6471A462F679}.Debug|x64.ActiveCfg = Debug|Any CPU
		{8DB0AFAD-88B6-4E9B-BF0A-6471A462F679}.Debug|x64.Build.0 = Debug|Any CPU
		{8DB0AFAD-88B6-4E9B-BF0A-6471A462F679}.Debug|x64.Deploy.0 = Debug|Any CPU
		{8DB0AFAD-88B6-4E9B-BF0A-6471A462F679}.Debug|x86.ActiveCfg = Debug|Any CPU
		{8DB0AFAD-88B6-4E9B-BF0A-6471A462F679}.Debug|x86.Build.0 = Debug|Any CPU
		{8DB0AFAD-88B6-4E9B-BF0A-6471A462F679}.Debug|x86.Deploy.0 = Debug|Any CPU
		{8DB0AFAD-88B6-4E9B-BF0A-6471A462F679}.Release|Any CPU.ActiveCfg = Release|Any CPU
		{8DB0AFAD-88B6-4E9B-BF0A-6471A462F679}.Release|Any CPU.Build.0 = Release|Any CPU
		{8DB0AFAD-88B6-4E9B-BF0A-6471A462F679}.Release|Any CPU.Deploy.0 = Release|Any CPU
		{8DB0AFAD-88B6-4E9B-BF0A-6471A462F679}.Release|ARM.ActiveCfg = Release|Any CPU
		{8DB0AFAD-88B6-4E9B-BF0A-6471A462F679}.Release|ARM.Build.0 = Release|Any CPU
		{8DB0AFAD-88B6-4E9B-BF0A-6471A462F679}.Release|ARM.Deploy.0 = Release|Any CPU
		{8DB0AFAD-88B6-4E9B-BF0A-6471A462F679}.Release|iPhone.ActiveCfg = Release|Any CPU
		{8DB0AFAD-88B6-4E9B-BF0A-6471A462F679}.Release|iPhone.Build.0 = Release|Any CPU
		{8DB0AFAD-88B6-4E9B-BF0A-6471A462F679}.Release|iPhone.Deploy.0 = Release|Any CPU
		{8DB0AFAD-88B6-4E9B-BF0A-6471A462F679}.Release|iPhoneSimulator.ActiveCfg = Release|Any CPU
		{8DB0AFAD-88B6-4E9B-BF0A-6471A462F679}.Release|iPhoneSimulator.Build.0 = Release|Any CPU
		{8DB0AFAD-88B6-4E9B-BF0A-6471A462F679}.Release|iPhoneSimulator.Deploy.0 = Release|Any CPU
		{8DB0AFAD-88B6-4E9B-BF0A-6471A462F679}.Release|x64.ActiveCfg = Release|Any CPU
		{8DB0AFAD-88B6-4E9B-BF0A-6471A462F679}.Release|x64.Build.0 = Release|Any CPU
		{8DB0AFAD-88B6-4E9B-BF0A-6471A462F679}.Release|x64.Deploy.0 = Release|Any CPU
		{8DB0AFAD-88B6-4E9B-BF0A-6471A462F679}.Release|x86.ActiveCfg = Release|Any CPU
		{8DB0AFAD-88B6-4E9B-BF0A-6471A462F679}.Release|x86.Build.0 = Release|Any CPU
		{8DB0AFAD-88B6-4E9B-BF0A-6471A462F679}.Release|x86.Deploy.0 = Release|Any CPU
		{5D54676B-14BB-4E53-AEBD-00AEB16BC661}.Ad-Hoc|Any CPU.ActiveCfg = Ad-Hoc|iPhone
		{5D54676B-14BB-4E53-AEBD-00AEB16BC661}.Ad-Hoc|ARM.ActiveCfg = Ad-Hoc|iPhone
		{5D54676B-14BB-4E53-AEBD-00AEB16BC661}.Ad-Hoc|iPhone.ActiveCfg = Ad-Hoc|iPhone
		{5D54676B-14BB-4E53-AEBD-00AEB16BC661}.Ad-Hoc|iPhone.Build.0 = Ad-Hoc|iPhone
		{5D54676B-14BB-4E53-AEBD-00AEB16BC661}.Ad-Hoc|iPhoneSimulator.ActiveCfg = Ad-Hoc|iPhoneSimulator
		{5D54676B-14BB-4E53-AEBD-00AEB16BC661}.Ad-Hoc|iPhoneSimulator.Build.0 = Ad-Hoc|iPhoneSimulator
		{5D54676B-14BB-4E53-AEBD-00AEB16BC661}.Ad-Hoc|x64.ActiveCfg = Ad-Hoc|iPhone
		{5D54676B-14BB-4E53-AEBD-00AEB16BC661}.Ad-Hoc|x86.ActiveCfg = Ad-Hoc|iPhone
		{5D54676B-14BB-4E53-AEBD-00AEB16BC661}.AppStore|Any CPU.ActiveCfg = AppStore|iPhone
		{5D54676B-14BB-4E53-AEBD-00AEB16BC661}.AppStore|ARM.ActiveCfg = AppStore|iPhone
		{5D54676B-14BB-4E53-AEBD-00AEB16BC661}.AppStore|iPhone.ActiveCfg = AppStore|iPhone
		{5D54676B-14BB-4E53-AEBD-00AEB16BC661}.AppStore|iPhone.Build.0 = AppStore|iPhone
		{5D54676B-14BB-4E53-AEBD-00AEB16BC661}.AppStore|iPhoneSimulator.ActiveCfg = AppStore|iPhoneSimulator
		{5D54676B-14BB-4E53-AEBD-00AEB16BC661}.AppStore|iPhoneSimulator.Build.0 = AppStore|iPhoneSimulator
		{5D54676B-14BB-4E53-AEBD-00AEB16BC661}.AppStore|x64.ActiveCfg = AppStore|iPhone
		{5D54676B-14BB-4E53-AEBD-00AEB16BC661}.AppStore|x86.ActiveCfg = AppStore|iPhone
		{5D54676B-14BB-4E53-AEBD-00AEB16BC661}.Debug|Any CPU.ActiveCfg = Debug|iPhone
		{5D54676B-14BB-4E53-AEBD-00AEB16BC661}.Debug|ARM.ActiveCfg = Debug|iPhone
		{5D54676B-14BB-4E53-AEBD-00AEB16BC661}.Debug|iPhone.ActiveCfg = Debug|iPhone
		{5D54676B-14BB-4E53-AEBD-00AEB16BC661}.Debug|iPhone.Build.0 = Debug|iPhone
		{5D54676B-14BB-4E53-AEBD-00AEB16BC661}.Debug|iPhoneSimulator.ActiveCfg = Debug|iPhoneSimulator
		{5D54676B-14BB-4E53-AEBD-00AEB16BC661}.Debug|iPhoneSimulator.Build.0 = Debug|iPhoneSimulator
		{5D54676B-14BB-4E53-AEBD-00AEB16BC661}.Debug|x64.ActiveCfg = Debug|iPhone
		{5D54676B-14BB-4E53-AEBD-00AEB16BC661}.Debug|x86.ActiveCfg = Debug|iPhone
		{5D54676B-14BB-4E53-AEBD-00AEB16BC661}.Release|Any CPU.ActiveCfg = Release|iPhone
		{5D54676B-14BB-4E53-AEBD-00AEB16BC661}.Release|ARM.ActiveCfg = Release|iPhone
		{5D54676B-14BB-4E53-AEBD-00AEB16BC661}.Release|iPhone.ActiveCfg = Release|iPhone
		{5D54676B-14BB-4E53-AEBD-00AEB16BC661}.Release|iPhone.Build.0 = Release|iPhone
		{5D54676B-14BB-4E53-AEBD-00AEB16BC661}.Release|iPhoneSimulator.ActiveCfg = Release|iPhoneSimulator
		{5D54676B-14BB-4E53-AEBD-00AEB16BC661}.Release|iPhoneSimulator.Build.0 = Release|iPhoneSimulator
		{5D54676B-14BB-4E53-AEBD-00AEB16BC661}.Release|x64.ActiveCfg = Release|iPhone
		{5D54676B-14BB-4E53-AEBD-00AEB16BC661}.Release|x86.ActiveCfg = Release|iPhone
		{B9C08302-A7C1-4E87-BCD4-83A640B1ED99}.Ad-Hoc|Any CPU.ActiveCfg = Release|Any CPU
		{B9C08302-A7C1-4E87-BCD4-83A640B1ED99}.Ad-Hoc|Any CPU.Build.0 = Release|Any CPU
		{B9C08302-A7C1-4E87-BCD4-83A640B1ED99}.Ad-Hoc|ARM.ActiveCfg = Release|Any CPU
		{B9C08302-A7C1-4E87-BCD4-83A640B1ED99}.Ad-Hoc|ARM.Build.0 = Release|Any CPU
		{B9C08302-A7C1-4E87-BCD4-83A640B1ED99}.Ad-Hoc|iPhone.ActiveCfg = Release|Any CPU
		{B9C08302-A7C1-4E87-BCD4-83A640B1ED99}.Ad-Hoc|iPhone.Build.0 = Release|Any CPU
		{B9C08302-A7C1-4E87-BCD4-83A640B1ED99}.Ad-Hoc|iPhoneSimulator.ActiveCfg = Release|Any CPU
		{B9C08302-A7C1-4E87-BCD4-83A640B1ED99}.Ad-Hoc|iPhoneSimulator.Build.0 = Release|Any CPU
		{B9C08302-A7C1-4E87-BCD4-83A640B1ED99}.Ad-Hoc|x64.ActiveCfg = Release|Any CPU
		{B9C08302-A7C1-4E87-BCD4-83A640B1ED99}.Ad-Hoc|x64.Build.0 = Release|Any CPU
		{B9C08302-A7C1-4E87-BCD4-83A640B1ED99}.Ad-Hoc|x86.ActiveCfg = Release|Any CPU
		{B9C08302-A7C1-4E87-BCD4-83A640B1ED99}.Ad-Hoc|x86.Build.0 = Release|Any CPU
		{B9C08302-A7C1-4E87-BCD4-83A640B1ED99}.AppStore|Any CPU.ActiveCfg = Release|Any CPU
		{B9C08302-A7C1-4E87-BCD4-83A640B1ED99}.AppStore|Any CPU.Build.0 = Release|Any CPU
		{B9C08302-A7C1-4E87-BCD4-83A640B1ED99}.AppStore|ARM.ActiveCfg = Release|Any CPU
		{B9C08302-A7C1-4E87-BCD4-83A640B1ED99}.AppStore|ARM.Build.0 = Release|Any CPU
		{B9C08302-A7C1-4E87-BCD4-83A640B1ED99}.AppStore|iPhone.ActiveCfg = Release|Any CPU
		{B9C08302-A7C1-4E87-BCD4-83A640B1ED99}.AppStore|iPhone.Build.0 = Release|Any CPU
		{B9C08302-A7C1-4E87-BCD4-83A640B1ED99}.AppStore|iPhoneSimulator.ActiveCfg = Release|Any CPU
		{B9C08302-A7C1-4E87-BCD4-83A640B1ED99}.AppStore|iPhoneSimulator.Build.0 = Release|Any CPU
		{B9C08302-A7C1-4E87-BCD4-83A640B1ED99}.AppStore|x64.ActiveCfg = Release|Any CPU
		{B9C08302-A7C1-4E87-BCD4-83A640B1ED99}.AppStore|x64.Build.0 = Release|Any CPU
		{B9C08302-A7C1-4E87-BCD4-83A640B1ED99}.AppStore|x86.ActiveCfg = Release|Any CPU
		{B9C08302-A7C1-4E87-BCD4-83A640B1ED99}.AppStore|x86.Build.0 = Release|Any CPU
		{B9C08302-A7C1-4E87-BCD4-83A640B1ED99}.Debug|Any CPU.ActiveCfg = Debug|Any CPU
		{B9C08302-A7C1-4E87-BCD4-83A640B1ED99}.Debug|Any CPU.Build.0 = Debug|Any CPU
		{B9C08302-A7C1-4E87-BCD4-83A640B1ED99}.Debug|ARM.ActiveCfg = Debug|Any CPU
		{B9C08302-A7C1-4E87-BCD4-83A640B1ED99}.Debug|ARM.Build.0 = Debug|Any CPU
		{B9C08302-A7C1-4E87-BCD4-83A640B1ED99}.Debug|iPhone.ActiveCfg = Debug|Any CPU
		{B9C08302-A7C1-4E87-BCD4-83A640B1ED99}.Debug|iPhone.Build.0 = Debug|Any CPU
		{B9C08302-A7C1-4E87-BCD4-83A640B1ED99}.Debug|iPhoneSimulator.ActiveCfg = Debug|Any CPU
		{B9C08302-A7C1-4E87-BCD4-83A640B1ED99}.Debug|iPhoneSimulator.Build.0 = Debug|Any CPU
		{B9C08302-A7C1-4E87-BCD4-83A640B1ED99}.Debug|x64.ActiveCfg = Debug|Any CPU
		{B9C08302-A7C1-4E87-BCD4-83A640B1ED99}.Debug|x64.Build.0 = Debug|Any CPU
		{B9C08302-A7C1-4E87-BCD4-83A640B1ED99}.Debug|x86.ActiveCfg = Debug|Any CPU
		{B9C08302-A7C1-4E87-BCD4-83A640B1ED99}.Debug|x86.Build.0 = Debug|Any CPU
		{B9C08302-A7C1-4E87-BCD4-83A640B1ED99}.Release|Any CPU.ActiveCfg = Release|Any CPU
		{B9C08302-A7C1-4E87-BCD4-83A640B1ED99}.Release|Any CPU.Build.0 = Release|Any CPU
		{B9C08302-A7C1-4E87-BCD4-83A640B1ED99}.Release|ARM.ActiveCfg = Release|Any CPU
		{B9C08302-A7C1-4E87-BCD4-83A640B1ED99}.Release|ARM.Build.0 = Release|Any CPU
		{B9C08302-A7C1-4E87-BCD4-83A640B1ED99}.Release|iPhone.ActiveCfg = Release|Any CPU
		{B9C08302-A7C1-4E87-BCD4-83A640B1ED99}.Release|iPhone.Build.0 = Release|Any CPU
		{B9C08302-A7C1-4E87-BCD4-83A640B1ED99}.Release|iPhoneSimulator.ActiveCfg = Release|Any CPU
		{B9C08302-A7C1-4E87-BCD4-83A640B1ED99}.Release|iPhoneSimulator.Build.0 = Release|Any CPU
		{B9C08302-A7C1-4E87-BCD4-83A640B1ED99}.Release|x64.ActiveCfg = Release|Any CPU
		{B9C08302-A7C1-4E87-BCD4-83A640B1ED99}.Release|x64.Build.0 = Release|Any CPU
		{B9C08302-A7C1-4E87-BCD4-83A640B1ED99}.Release|x86.ActiveCfg = Release|Any CPU
		{B9C08302-A7C1-4E87-BCD4-83A640B1ED99}.Release|x86.Build.0 = Release|Any CPU
	EndGlobalSection
	GlobalSection(SolutionProperties) = preSolution
		HideSolutionNode = FALSE
	EndGlobalSection
	GlobalSection(NestedProjects) = preSolution
		{67F9D3A8-F71E-4428-913F-C37AE82CDB24} = {54889495-55B4-40A4-A7AC-5EF50457B087}
		{C7BEE640-3F1B-4C89-8260-48FCE7152338} = {54889495-55B4-40A4-A7AC-5EF50457B087}
		{F2030AFA-027F-4DFC-A8F7-647A1455B76E} = {7CB1E866-6185-49C6-84B3-C055C60D1112}
		{0EA7E9B1-AEE5-406D-9977-DA776C6231A4} = {7CB1E866-6185-49C6-84B3-C055C60D1112}
		{8DB0AFAD-88B6-4E9B-BF0A-6471A462F679} = {0085293B-95AC-433E-8766-7186D14AD6A5}
		{5D54676B-14BB-4E53-AEBD-00AEB16BC661} = {0085293B-95AC-433E-8766-7186D14AD6A5}
		{B9C08302-A7C1-4E87-BCD4-83A640B1ED99} = {0085293B-95AC-433E-8766-7186D14AD6A5}
	EndGlobalSection
EndGlobal
